
Microsoft Visual Studio Solution File, Format Version 12.00
# Visual Studio Version 16
VisualStudioVersion = 16.0.34301.259
MinimumVisualStudioVersion = 10.0.40219.1
Project("{FAE04EC0-301F-11D3-BF4B-00C04F79EFBC}") = "Dados", "Modelo_conceitual\Dados.csproj", "{33095CA8-5B38-4F1B-AF42-5C95BB42F9F4}"
EndProject
Project("{FAE04EC0-301F-11D3-BF4B-00C04F79EFBC}") = "Negocio", "Negocio\Negocio.csproj", "{B20901D9-B75B-40E4-A80D-30D1718ACE27}"
EndProject
Project("{FAE04EC0-301F-11D3-BF4B-00C04F79EFBC}") = "Apresentacao", "Apresentacao\Apresentacao.csproj", "{533C417E-6176-4D0D-B192-C64D626A51A4}"
EndProject
Global
	GlobalSection(SolutionConfigurationPlatforms) = preSolution
		Debug|Any CPU = Debug|Any CPU
		Release|Any CPU = Release|Any CPU
	EndGlobalSection
	GlobalSection(ProjectConfigurationPlatforms) = postSolution
		{33095CA8-5B38-4F1B-AF42-5C95BB42F9F4}.Debug|Any CPU.ActiveCfg = Debug|Any CPU
		{33095CA8-5B38-4F1B-AF42-5C95BB42F9F4}.Debug|Any CPU.Build.0 = Debug|Any CPU
		{33095CA8-5B38-4F1B-AF42-5C95BB42F9F4}.Release|Any CPU.ActiveCfg = Release|Any CPU
		{33095CA8-5B38-4F1B-AF42-5C95BB42F9F4}.Release|Any CPU.Build.0 = Release|Any CPU
		{B20901D9-B75B-40E4-A80D-30D1718ACE27}.Debug|Any CPU.ActiveCfg = Debug|Any CPU
		{B20901D9-B75B-40E4-A80D-30D1718ACE27}.Debug|Any CPU.Build.0 = Debug|Any CPU
		{B20901D9-B75B-40E4-A80D-30D1718ACE27}.Release|Any CPU.ActiveCfg = Release|Any CPU
		{B20901D9-B75B-40E4-A80D-30D1718ACE27}.Release|Any CPU.Build.0 = Release|Any CPU
		{533C417E-6176-4D0D-B192-C64D626A51A4}.Debug|Any CPU.ActiveCfg = Debug|Any CPU
		{533C417E-6176-4D0D-B192-C64D626A51A4}.Debug|Any CPU.Build.0 = Debug|Any CPU
		{533C417E-6176-4D0D-B192-C64D626A51A4}.Release|Any CPU.ActiveCfg = Release|Any CPU
		{533C417E-6176-4D0D-B192-C64D626A51A4}.Release|Any CPU.Build.0 = Release|Any CPU
	EndGlobalSection
	GlobalSection(SolutionProperties) = preSolution
		HideSolutionNode = FALSE
	EndGlobalSection
	GlobalSection(ExtensibilityGlobals) = postSolution
		SolutionGuid = {3225E7ED-823E-4CCB-8D90-50C52506E832}
	EndGlobalSection
EndGlobal
